
Microsoft Visual Studio Solution File, Format Version 12.00
# Visual Studio Version 17
VisualStudioVersion = 17.1.32228.430
MinimumVisualStudioVersion = 10.0.40219.1
Project("{FAE04EC0-301F-11D3-BF4B-00C04F79EFBC}") = "ArtExchange.Api", "ArtExchange.Core\ArtExchange.Api.csproj", "{23EB1D84-FAFE-4D5D-AA3B-8B00DE25D34C}"
EndProject
Project("{2150E333-8FDC-42A3-9474-1A3956D46DE8}") = "Api", "Api", "{102E1BCA-9949-4AB2-91DB-8FE7A75C6646}"
EndProject
Global
	GlobalSection(SolutionConfigurationPlatforms) = preSolution
		Debug|Any CPU = Debug|Any CPU
		Release|Any CPU = Release|Any CPU
	EndGlobalSection
	GlobalSection(ProjectConfigurationPlatforms) = postSolution
		{23EB1D84-FAFE-4D5D-AA3B-8B00DE25D34C}.Debug|Any CPU.ActiveCfg = Debug|Any CPU
		{23EB1D84-FAFE-4D5D-AA3B-8B00DE25D34C}.Debug|Any CPU.Build.0 = Debug|Any CPU
		{23EB1D84-FAFE-4D5D-AA3B-8B00DE25D34C}.Release|Any CPU.ActiveCfg = Release|Any CPU
		{23EB1D84-FAFE-4D5D-AA3B-8B00DE25D34C}.Release|Any CPU.Build.0 = Release|Any CPU
	EndGlobalSection
	GlobalSection(SolutionProperties) = preSolution
		HideSolutionNode = FALSE
	EndGlobalSection
	GlobalSection(NestedProjects) = preSolution
		{23EB1D84-FAFE-4D5D-AA3B-8B00DE25D34C} = {102E1BCA-9949-4AB2-91DB-8FE7A75C6646}
	EndGlobalSection
	GlobalSection(ExtensibilityGlobals) = postSolution
		SolutionGuid = {01E523DC-DC99-4F75-82E8-4457F19E13AD}
	EndGlobalSection
EndGlobal
